
Microsoft Visual Studio Solution File, Format Version 12.00
# Visual Studio Version 17
VisualStudioVersion = 17.5.33414.496
MinimumVisualStudioVersion = 10.0.40219.1
Project("{FAE04EC0-301F-11D3-BF4B-00C04F79EFBC}") = "Kitaplık_Proje", "Kitaplık_Proje.csproj", "{90F3D9CF-9E52-4780-B0D9-34DEEAB223E5}"
EndProject
Project("{54435603-DBB4-11D2-8724-00A0C9A8B90C}") = "kitaplık", "..\kitaplık\kitaplık.vdproj", "{A7CA3844-35E4-4B33-BA25-4A9FD6E288A4}"
EndProject
Global
	GlobalSection(SolutionConfigurationPlatforms) = preSolution
		Debug|Any CPU = Debug|Any CPU
		Release|Any CPU = Release|Any CPU
	EndGlobalSection
	GlobalSection(ProjectConfigurationPlatforms) = postSolution
		{90F3D9CF-9E52-4780-B0D9-34DEEAB223E5}.Debug|Any CPU.ActiveCfg = Debug|Any CPU
		{90F3D9CF-9E52-4780-B0D9-34DEEAB223E5}.Debug|Any CPU.Build.0 = Debug|Any CPU
		{90F3D9CF-9E52-4780-B0D9-34DEEAB223E5}.Release|Any CPU.ActiveCfg = Release|Any CPU
		{90F3D9CF-9E52-4780-B0D9-34DEEAB223E5}.Release|Any CPU.Build.0 = Release|Any CPU
		{A7CA3844-35E4-4B33-BA25-4A9FD6E288A4}.Debug|Any CPU.ActiveCfg = Debug
		{A7CA3844-35E4-4B33-BA25-4A9FD6E288A4}.Release|Any CPU.ActiveCfg = Release
	EndGlobalSection
	GlobalSection(SolutionProperties) = preSolution
		HideSolutionNode = FALSE
	EndGlobalSection
	GlobalSection(ExtensibilityGlobals) = postSolution
		SolutionGuid = {E9DE2252-E198-4C84-B54B-7CDA347F991E}
	EndGlobalSection
EndGlobal
